
Microsoft Visual Studio Solution File, Format Version 12.00
# Visual Studio Version 17
VisualStudioVersion = 17.10.35122.118
MinimumVisualStudioVersion = 10.0.40219.1
Project("{FAE04EC0-301F-11D3-BF4B-00C04F79EFBC}") = "Edu_Assist.Server", "Edu_Assist.Server\Edu_Assist.Server.csproj", "{10E70648-4DEF-47A3-90A9-0173BA03E3CC}"
EndProject
Global
	GlobalSection(SolutionConfigurationPlatforms) = preSolution
		Debug|Any CPU = Debug|Any CPU
		Release|Any CPU = Release|Any CPU
	EndGlobalSection
	GlobalSection(ProjectConfigurationPlatforms) = postSolution
		{10E70648-4DEF-47A3-90A9-0173BA03E3CC}.Debug|Any CPU.ActiveCfg = Debug|Any CPU
		{10E70648-4DEF-47A3-90A9-0173BA03E3CC}.Debug|Any CPU.Build.0 = Debug|Any CPU
		{10E70648-4DEF-47A3-90A9-0173BA03E3CC}.Release|Any CPU.ActiveCfg = Release|Any CPU
		{10E70648-4DEF-47A3-90A9-0173BA03E3CC}.Release|Any CPU.Build.0 = Release|Any CPU
	EndGlobalSection
	GlobalSection(SolutionProperties) = preSolution
		HideSolutionNode = FALSE
	EndGlobalSection
	GlobalSection(ExtensibilityGlobals) = postSolution
		SolutionGuid = {4AB7C5FE-F6B2-4409-8A09-A64C47E889B4}
	EndGlobalSection
EndGlobal
